
Microsoft Visual Studio Solution File, Format Version 12.00
# Visual Studio Version 17
VisualStudioVersion = 17.6.33829.357
MinimumVisualStudioVersion = 10.0.40219.1
Project("{FAE04EC0-301F-11D3-BF4B-00C04F79EFBC}") = "Advanced_ProjectMars", "Advanced_ProjectMars.csproj", "{B309AE7A-3632-4436-B027-EDCDD2A3F92E}"
EndProject
Global
	GlobalSection(SolutionConfigurationPlatforms) = preSolution
		Debug|Any CPU = Debug|Any CPU
		Release|Any CPU = Release|Any CPU
	EndGlobalSection
	GlobalSection(ProjectConfigurationPlatforms) = postSolution
		{B309AE7A-3632-4436-B027-EDCDD2A3F92E}.Debug|Any CPU.ActiveCfg = Debug|Any CPU
		{B309AE7A-3632-4436-B027-EDCDD2A3F92E}.Debug|Any CPU.Build.0 = Debug|Any CPU
		{B309AE7A-3632-4436-B027-EDCDD2A3F92E}.Release|Any CPU.ActiveCfg = Release|Any CPU
		{B309AE7A-3632-4436-B027-EDCDD2A3F92E}.Release|Any CPU.Build.0 = Release|Any CPU
	EndGlobalSection
	GlobalSection(SolutionProperties) = preSolution
		HideSolutionNode = FALSE
	EndGlobalSection
	GlobalSection(ExtensibilityGlobals) = postSolution
		SolutionGuid = {E1184CF8-4DAA-4612-95C3-A6AA4F6D69E0}
	EndGlobalSection
EndGlobal
